
Microsoft Visual Studio Solution File, Format Version 12.00
# Visual Studio 15
VisualStudioVersion = 15.0.27428.2027
MinimumVisualStudioVersion = 10.0.40219.1
Project("{FAE04EC0-301F-11D3-BF4B-00C04F79EFBC}") = "TddLab1", "TddLab1\TddLab1.csproj", "{D3E78415-2913-43F9-8E2F-830533807170}"
EndProject
Project("{FAE04EC0-301F-11D3-BF4B-00C04F79EFBC}") = "XUnitTestBank", "XUnitTestBank\XUnitTestBank.csproj", "{EE92EE9D-0567-4900-ADEE-1ED40A9DE677}"
EndProject
Global
	GlobalSection(SolutionConfigurationPlatforms) = preSolution
		Debug|Any CPU = Debug|Any CPU
		Release|Any CPU = Release|Any CPU
	EndGlobalSection
	GlobalSection(ProjectConfigurationPlatforms) = postSolution
		{D3E78415-2913-43F9-8E2F-830533807170}.Debug|Any CPU.ActiveCfg = Debug|Any CPU
		{D3E78415-2913-43F9-8E2F-830533807170}.Debug|Any CPU.Build.0 = Debug|Any CPU
		{D3E78415-2913-43F9-8E2F-830533807170}.Release|Any CPU.ActiveCfg = Release|Any CPU
		{D3E78415-2913-43F9-8E2F-830533807170}.Release|Any CPU.Build.0 = Release|Any CPU
		{EE92EE9D-0567-4900-ADEE-1ED40A9DE677}.Debug|Any CPU.ActiveCfg = Debug|Any CPU
		{EE92EE9D-0567-4900-ADEE-1ED40A9DE677}.Debug|Any CPU.Build.0 = Debug|Any CPU
		{EE92EE9D-0567-4900-ADEE-1ED40A9DE677}.Release|Any CPU.ActiveCfg = Release|Any CPU
		{EE92EE9D-0567-4900-ADEE-1ED40A9DE677}.Release|Any CPU.Build.0 = Release|Any CPU
	EndGlobalSection
	GlobalSection(SolutionProperties) = preSolution
		HideSolutionNode = FALSE
	EndGlobalSection
	GlobalSection(ExtensibilityGlobals) = postSolution
		SolutionGuid = {99871FD6-2C8C-4EF1-A35A-C5E4F5EC7C89}
	EndGlobalSection
EndGlobal
